
Microsoft Visual Studio Solution File, Format Version 12.00
# Visual Studio Version 17
VisualStudioVersion = 17.6.33801.468
MinimumVisualStudioVersion = 10.0.40219.1
Project("{FAE04EC0-301F-11D3-BF4B-00C04F79EFBC}") = "EnglishToPigLatinTranslator", "EnglishToPigLatinTranslator\EnglishToPigLatinTranslator.csproj", "{D2DE37AB-E45C-48C5-8E86-CFF23A984719}"
EndProject
Global
	GlobalSection(SolutionConfigurationPlatforms) = preSolution
		Debug|Any CPU = Debug|Any CPU
		Release|Any CPU = Release|Any CPU
	EndGlobalSection
	GlobalSection(ProjectConfigurationPlatforms) = postSolution
		{D2DE37AB-E45C-48C5-8E86-CFF23A984719}.Debug|Any CPU.ActiveCfg = Debug|Any CPU
		{D2DE37AB-E45C-48C5-8E86-CFF23A984719}.Debug|Any CPU.Build.0 = Debug|Any CPU
		{D2DE37AB-E45C-48C5-8E86-CFF23A984719}.Release|Any CPU.ActiveCfg = Release|Any CPU
		{D2DE37AB-E45C-48C5-8E86-CFF23A984719}.Release|Any CPU.Build.0 = Release|Any CPU
	EndGlobalSection
	GlobalSection(SolutionProperties) = preSolution
		HideSolutionNode = FALSE
	EndGlobalSection
	GlobalSection(ExtensibilityGlobals) = postSolution
		SolutionGuid = {2B782BA1-BDF2-4717-ADFF-1DC88706C051}
	EndGlobalSection
EndGlobal
